
Microsoft Visual Studio Solution File, Format Version 12.00
# Visual Studio Version 17
VisualStudioVersion = 17.12.35506.116 d17.12
MinimumVisualStudioVersion = 10.0.40219.1
Project("{FAE04EC0-301F-11D3-BF4B-00C04F79EFBC}") = "Orders", "Orders\Orders.csproj", "{D9535E09-EB15-4C1F-8507-CC3FA84EF270}"
EndProject
Project("{FAE04EC0-301F-11D3-BF4B-00C04F79EFBC}") = "Products", "Products\Products.csproj", "{72021D74-FC38-4402-B125-2B9E1A62C538}"
EndProject
Global
	GlobalSection(SolutionConfigurationPlatforms) = preSolution
		Debug|Any CPU = Debug|Any CPU
		Release|Any CPU = Release|Any CPU
	EndGlobalSection
	GlobalSection(ProjectConfigurationPlatforms) = postSolution
		{D9535E09-EB15-4C1F-8507-CC3FA84EF270}.Debug|Any CPU.ActiveCfg = Debug|Any CPU
		{D9535E09-EB15-4C1F-8507-CC3FA84EF270}.Debug|Any CPU.Build.0 = Debug|Any CPU
		{D9535E09-EB15-4C1F-8507-CC3FA84EF270}.Release|Any CPU.ActiveCfg = Release|Any CPU
		{D9535E09-EB15-4C1F-8507-CC3FA84EF270}.Release|Any CPU.Build.0 = Release|Any CPU
		{72021D74-FC38-4402-B125-2B9E1A62C538}.Debug|Any CPU.ActiveCfg = Debug|Any CPU
		{72021D74-FC38-4402-B125-2B9E1A62C538}.Debug|Any CPU.Build.0 = Debug|Any CPU
		{72021D74-FC38-4402-B125-2B9E1A62C538}.Release|Any CPU.ActiveCfg = Release|Any CPU
		{72021D74-FC38-4402-B125-2B9E1A62C538}.Release|Any CPU.Build.0 = Release|Any CPU
	EndGlobalSection
	GlobalSection(SolutionProperties) = preSolution
		HideSolutionNode = FALSE
	EndGlobalSection
EndGlobal
